# @generated - this file is auto-generated by `mise lock` https://mise.jdx.dev/dev-tools/mise-lock.html

lockfile_version = 3

[[tools.biome]]
version = "2.5.15"
backend = "aqua:biomejs/biome"
specifiers = ["latest"]

[tools.biome."platforms.linux-arm64"]
checksum = "sha256:a56bcd73ddbfdb0f57a82bb67b7ea698eed4027aff602b95aa18fafe919d59e0"
url = "https://github.com/biomejs/biome/releases/download/%40biomejs/biome%402.5.15/biome-linux-arm64"
url_api = "https://api.github.com/repos/biomejs/biome/releases/assets/601227632"
provenance = "github-attestations"

[tools.biome."platforms.linux-arm64-musl"]
checksum = "sha256:a56bcd73ddbfdb0f57a82bb67b7ea698eed4027aff602b95aa18fafe919d59e0"
url = "https://github.com/biomejs/biome/releases/download/%40biomejs/biome%402.5.15/biome-linux-arm64"
url_api = "https://api.github.com/repos/biomejs/biome/releases/assets/601227632"
provenance = "github-attestations"

[tools.biome."platforms.linux-x64"]
checksum = "sha256:5d867a0b2ccea1755b7e508b01d836a8c64e31a1e4d11ec24b43b6b4eec8b3b6"
url = "https://github.com/biomejs/biome/releases/download/%40biomejs/biome%402.5.15/biome-linux-x64"
url_api = "https://api.github.com/repos/biomejs/biome/releases/assets/601227626"
provenance = "github-attestations"

[tools.biome."platforms.linux-x64-musl"]
checksum = "sha256:5d867a0b2ccea1755b7e508b01d836a8c64e31a1e4d11ec24b43b6b4eec8b3b6"
url = "https://github.com/biomejs/biome/releases/download/%40biomejs/biome%402.5.15/biome-linux-x64"
url_api = "https://api.github.com/repos/biomejs/biome/releases/assets/601227626"
provenance = "github-attestations"

[tools.biome."platforms.macos-arm64"]
checksum = "sha256:3636796d8c78bfcfe0d45946dc93e21e12d27a49eba7401e18af1ea854d25503"
url = "https://github.com/biomejs/biome/releases/download/%40biomejs/biome%402.5.15/biome-darwin-arm64"
url_api = "https://api.github.com/repos/biomejs/biome/releases/assets/601227628"
provenance = "github-attestations"

[tools.biome."platforms.macos-x64"]
checksum = "sha256:86fc618563d19f373ac24eb5b8f1e41bd753a506d5df1f198c152ec365141490"
url = "https://github.com/biomejs/biome/releases/download/%40biomejs/biome%402.5.15/biome-darwin-x64"
url_api = "https://api.github.com/repos/biomejs/biome/releases/assets/601227623"
provenance = "github-attestations"

[tools.biome."platforms.windows-x64"]
checksum = "sha256:f2beadee753b78fe76081158123538be886a31b5e67a34863e42535f3f491926"
url = "https://github.com/biomejs/biome/releases/download/%40biomejs/biome%402.5.15/biome-win32-x64.exe"
url_api = "https://api.github.com/repos/biomejs/biome/releases/assets/601227624"
provenance = "github-attestations"

[[tools.node]]
version = "26.10.0"
backend = "core:node"
specifiers = ["latest"]

[tools.node."platforms.linux-arm64"]
checksum = "sha256:423a41bff8e2a2fa15e702fefe2919ef95823b2378744daccb8439302534b44f"
url = "https://nodejs.org/dist/v26.10.0/node-v26.10.0-linux-arm64.tar.gz"

[tools.node."platforms.linux-arm64-musl"]
checksum = "sha256:d26027bff3197050d2a2b0bfa151b18e8378ed81affa2bf5093804db158979b6"
url = "https://unofficial-builds.nodejs.org/download/release/v26.10.0/node-v26.10.0-linux-arm64-musl.tar.gz"

[tools.node."platforms.linux-x64"]
checksum = "sha256:cb5c9ce9c80d7b8821e3a258543c71b939138cf17c74d5cc44bbe85d6dbc5ad8"
url = "https://nodejs.org/dist/v26.10.0/node-v26.10.0-linux-x64.tar.gz"

[tools.node."platforms.linux-x64-musl"]
checksum = "sha256:e42da94821b9422eb76bf5aaf4de0977e04ba320b8aff6148d895a94b08ee223"
url = "https://unofficial-builds.nodejs.org/download/release/v26.10.0/node-v26.10.0-linux-x64-musl.tar.gz"

[tools.node."platforms.macos-arm64"]
checksum = "sha256:751fdf7439f115d87ee2a8f3f18c065b6151852068e3e666ac60ac2996f75ac9"
url = "https://nodejs.org/dist/v26.10.0/node-v26.10.0-darwin-arm64.tar.gz"

[tools.node."platforms.macos-x64"]
checksum = "sha256:ebbe9ab9b58ad6bb54390d6e2c862c1afa7d4475fb7e8ae8146acde211bf70df"
url = "https://nodejs.org/dist/v26.10.0/node-v26.10.0-darwin-x64.tar.gz"

[tools.node."platforms.windows-x64"]
checksum = "sha256:9fef7eca6743a6b910989cd8e78712376b394fcb9b6e1e9c44a0799a287f90c5"
url = "https://nodejs.org/dist/v26.10.0/node-v26.10.0-win-x64.zip"
